
Microsoft Visual Studio Solution File, Format Version 12.00
# Visual Studio 14
VisualStudioVersion = 14.0.23107.0
MinimumVisualStudioVersion = 10.0.40219.1
Project("{FAE04EC0-301F-11D3-BF4B-00C04F79EFBC}") = "OKHOSTING.ORM", "OKHOSTING.ORM\OKHOSTING.ORM.csproj", "{976FFEB3-E99D-4B0B-9735-98D2BB311986}"
EndProject
Project("{2150E333-8FDC-42A3-9474-1A3956D46DE8}") = "References", "References", "{AC8B5C6C-C018-468B-BC0F-C6192933E36B}"
EndProject
Project("{FAE04EC0-301F-11D3-BF4B-00C04F79EFBC}") = "OKHOSTING.Core", "..\..\OKHOSTING.Core\src\PCL\OKHOSTING.Core\OKHOSTING.Core.csproj", "{3F4502FA-51EA-4CB9-8E50-46F828D240A1}"
EndProject
Project("{FAE04EC0-301F-11D3-BF4B-00C04F79EFBC}") = "OKHOSTING.Data", "..\..\OKHOSTING.Core\src\PCL\OKHOSTING.Data\OKHOSTING.Data.csproj", "{5BA0CBAC-63E5-4E01-AECA-67AE3B63503B}"
EndProject
Project("{FAE04EC0-301F-11D3-BF4B-00C04F79EFBC}") = "OKHOSTING.Cryptography", "..\..\OKHOSTING.Core\src\PCL\OKHOSTING.Cryptography\OKHOSTING.Cryptography.csproj", "{AAF2E2CE-9141-4690-A5E8-873CB66ECC52}"
EndProject
Project("{FAE04EC0-301F-11D3-BF4B-00C04F79EFBC}") = "OKHOSTING.Sql", "..\..\OKHOSTING.Sql\src\PCL\OKHOSTING.Sql\OKHOSTING.Sql.csproj", "{AFC2147B-EAD8-439B-8CA6-D1BF308064B3}"
EndProject
Project("{FAE04EC0-301F-11D3-BF4B-00C04F79EFBC}") = "OKHOSTING.Sql.MySql", "..\..\OKHOSTING.Sql\src\PCL\OKHOSTING.Sql.MySql\OKHOSTING.Sql.MySql.csproj", "{35ED0AC8-2240-4095-B7CB-60622E515A9C}"
EndProject
Project("{FAE04EC0-301F-11D3-BF4B-00C04F79EFBC}") = "OKHOSTING.Sql.SQLite", "..\..\OKHOSTING.Sql\src\PCL\OKHOSTING.Sql.SQLite\OKHOSTING.Sql.SQLite.csproj", "{D5974BB5-1AE1-4F93-AA78-8EB9ED83B83F}"
EndProject
Project("{FAE04EC0-301F-11D3-BF4B-00C04F79EFBC}") = "OKHOSTING.Sql.Net4", "..\..\OKHOSTING.Sql\src\Net4\OKHOSTING.Sql.Net4\OKHOSTING.Sql.Net4.csproj", "{DCEAD90D-4031-4C10-983E-B6E71F4A8B2F}"
EndProject
Project("{2150E333-8FDC-42A3-9474-1A3956D46DE8}") = "PCL", "PCL", "{04230DF2-1AE4-4906-A9F9-326DBAFC74FE}"
EndProject
Global
	GlobalSection(SolutionConfigurationPlatforms) = preSolution
		Debug|Any CPU = Debug|Any CPU
		Release|Any CPU = Release|Any CPU
	EndGlobalSection
	GlobalSection(ProjectConfigurationPlatforms) = postSolution
		{976FFEB3-E99D-4B0B-9735-98D2BB311986}.Debug|Any CPU.ActiveCfg = Debug|Any CPU
		{976FFEB3-E99D-4B0B-9735-98D2BB311986}.Debug|Any CPU.Build.0 = Debug|Any CPU
		{976FFEB3-E99D-4B0B-9735-98D2BB311986}.Release|Any CPU.ActiveCfg = Release|Any CPU
		{976FFEB3-E99D-4B0B-9735-98D2BB311986}.Release|Any CPU.Build.0 = Release|Any CPU
		{3F4502FA-51EA-4CB9-8E50-46F828D240A1}.Debug|Any CPU.ActiveCfg = Debug|Any CPU
		{3F4502FA-51EA-4CB9-8E50-46F828D240A1}.Debug|Any CPU.Build.0 = Debug|Any CPU
		{3F4502FA-51EA-4CB9-8E50-46F828D240A1}.Release|Any CPU.ActiveCfg = Release|Any CPU
		{3F4502FA-51EA-4CB9-8E50-46F828D240A1}.Release|Any CPU.Build.0 = Release|Any CPU
		{5BA0CBAC-63E5-4E01-AECA-67AE3B63503B}.Debug|Any CPU.ActiveCfg = Debug|Any CPU
		{5BA0CBAC-63E5-4E01-AECA-67AE3B63503B}.Debug|Any CPU.Build.0 = Debug|Any CPU
		{5BA0CBAC-63E5-4E01-AECA-67AE3B63503B}.Release|Any CPU.ActiveCfg = Release|Any CPU
		{5BA0CBAC-63E5-4E01-AECA-67AE3B63503B}.Release|Any CPU.Build.0 = Release|Any CPU
		{AAF2E2CE-9141-4690-A5E8-873CB66ECC52}.Debug|Any CPU.ActiveCfg = Debug|Any CPU
		{AAF2E2CE-9141-4690-A5E8-873CB66ECC52}.Debug|Any CPU.Build.0 = Debug|Any CPU
		{AAF2E2CE-9141-4690-A5E8-873CB66ECC52}.Release|Any CPU.ActiveCfg = Release|Any CPU
		{AAF2E2CE-9141-4690-A5E8-873CB66ECC52}.Release|Any CPU.Build.0 = Release|Any CPU
		{AFC2147B-EAD8-439B-8CA6-D1BF308064B3}.Debug|Any CPU.ActiveCfg = Debug|Any CPU
		{AFC2147B-EAD8-439B-8CA6-D1BF308064B3}.Debug|Any CPU.Build.0 = Debug|Any CPU
		{AFC2147B-EAD8-439B-8CA6-D1BF308064B3}.Release|Any CPU.ActiveCfg = Release|Any CPU
		{AFC2147B-EAD8-439B-8CA6-D1BF308064B3}.Release|Any CPU.Build.0 = Release|Any CPU
		{35ED0AC8-2240-4095-B7CB-60622E515A9C}.Debug|Any CPU.ActiveCfg = Debug|Any CPU
		{35ED0AC8-2240-4095-B7CB-60622E515A9C}.Debug|Any CPU.Build.0 = Debug|Any CPU
		{35ED0AC8-2240-4095-B7CB-60622E515A9C}.Release|Any CPU.ActiveCfg = Release|Any CPU
		{35ED0AC8-2240-4095-B7CB-60622E515A9C}.Release|Any CPU.Build.0 = Release|Any CPU
		{D5974BB5-1AE1-4F93-AA78-8EB9ED83B83F}.Debug|Any CPU.ActiveCfg = Debug|Any CPU
		{D5974BB5-1AE1-4F93-AA78-8EB9ED83B83F}.Debug|Any CPU.Build.0 = Debug|Any CPU
		{D5974BB5-1AE1-4F93-AA78-8EB9ED83B83F}.Release|Any CPU.ActiveCfg = Release|Any CPU
		{D5974BB5-1AE1-4F93-AA78-8EB9ED83B83F}.Release|Any CPU.Build.0 = Release|Any CPU
		{DCEAD90D-4031-4C10-983E-B6E71F4A8B2F}.Debug|Any CPU.ActiveCfg = Debug|Any CPU
		{DCEAD90D-4031-4C10-983E-B6E71F4A8B2F}.Debug|Any CPU.Build.0 = Debug|Any CPU
		{DCEAD90D-4031-4C10-983E-B6E71F4A8B2F}.Release|Any CPU.ActiveCfg = Release|Any CPU
		{DCEAD90D-4031-4C10-983E-B6E71F4A8B2F}.Release|Any CPU.Build.0 = Release|Any CPU
	EndGlobalSection
	GlobalSection(SolutionProperties) = preSolution
		HideSolutionNode = FALSE
	EndGlobalSection
	GlobalSection(NestedProjects) = preSolution
		{976FFEB3-E99D-4B0B-9735-98D2BB311986} = {04230DF2-1AE4-4906-A9F9-326DBAFC74FE}
		{3F4502FA-51EA-4CB9-8E50-46F828D240A1} = {AC8B5C6C-C018-468B-BC0F-C6192933E36B}
		{5BA0CBAC-63E5-4E01-AECA-67AE3B63503B} = {AC8B5C6C-C018-468B-BC0F-C6192933E36B}
		{AAF2E2CE-9141-4690-A5E8-873CB66ECC52} = {AC8B5C6C-C018-468B-BC0F-C6192933E36B}
		{AFC2147B-EAD8-439B-8CA6-D1BF308064B3} = {AC8B5C6C-C018-468B-BC0F-C6192933E36B}
		{35ED0AC8-2240-4095-B7CB-60622E515A9C} = {AC8B5C6C-C018-468B-BC0F-C6192933E36B}
		{D5974BB5-1AE1-4F93-AA78-8EB9ED83B83F} = {AC8B5C6C-C018-468B-BC0F-C6192933E36B}
		{DCEAD90D-4031-4C10-983E-B6E71F4A8B2F} = {AC8B5C6C-C018-468B-BC0F-C6192933E36B}
	EndGlobalSection
EndGlobal
