
Microsoft Visual Studio Solution File, Format Version 12.00
# Visual Studio 14
VisualStudioVersion = 14.0.23107.0
MinimumVisualStudioVersion = 10.0.40219.1
Project("{FAE04EC0-301F-11D3-BF4B-00C04F79EFBC}") = "OKHOSTING.ORM", "PCL\OKHOSTING.ORM\OKHOSTING.ORM.csproj", "{976FFEB3-E99D-4B0B-9735-98D2BB311986}"
EndProject
Project("{2150E333-8FDC-42A3-9474-1A3956D46DE8}") = "References", "References", "{AC8B5C6C-C018-468B-BC0F-C6192933E36B}"
EndProject
Project("{FAE04EC0-301F-11D3-BF4B-00C04F79EFBC}") = "OKHOSTING.Core", "..\..\OKHOSTING.Core\src\PCL\OKHOSTING.Core\OKHOSTING.Core.csproj", "{3F4502FA-51EA-4CB9-8E50-46F828D240A1}"
EndProject
Project("{FAE04EC0-301F-11D3-BF4B-00C04F79EFBC}") = "OKHOSTING.Data", "..\..\OKHOSTING.Core\src\PCL\OKHOSTING.Data\OKHOSTING.Data.csproj", "{5BA0CBAC-63E5-4E01-AECA-67AE3B63503B}"
EndProject
Project("{FAE04EC0-301F-11D3-BF4B-00C04F79EFBC}") = "OKHOSTING.Cryptography", "..\..\OKHOSTING.Core\src\PCL\OKHOSTING.Cryptography\OKHOSTING.Cryptography.csproj", "{AAF2E2CE-9141-4690-A5E8-873CB66ECC52}"
EndProject
Project("{FAE04EC0-301F-11D3-BF4B-00C04F79EFBC}") = "OKHOSTING.Sql", "..\..\OKHOSTING.Sql\src\PCL\OKHOSTING.Sql\OKHOSTING.Sql.csproj", "{AFC2147B-EAD8-439B-8CA6-D1BF308064B3}"
EndProject
Project("{FAE04EC0-301F-11D3-BF4B-00C04F79EFBC}") = "OKHOSTING.Core.Net4", "..\..\OKHOSTING.Core\src\Net4\OKHOSTING.Core.Net4\OKHOSTING.Core.Net4.csproj", "{46BDAEC2-7677-4223-B009-940DB478A220}"
EndProject
Project("{FAE04EC0-301F-11D3-BF4B-00C04F79EFBC}") = "OKHOSTING.Sql.Net4", "..\..\OKHOSTING.Sql\src\Net4\OKHOSTING.Sql.Net4\OKHOSTING.Sql.Net4.csproj", "{DCEAD90D-4031-4C10-983E-B6E71F4A8B2F}"
EndProject
Project("{FAE04EC0-301F-11D3-BF4B-00C04F79EFBC}") = "OKHOSTING.Sql.Net4.MySql", "..\..\OKHOSTING.Sql\src\Net4\OKHOSTING.Sql.Net4.MySql\OKHOSTING.Sql.Net4.MySql.csproj", "{0A304A16-0F65-4CE6-A878-41263293021C}"
EndProject
Project("{2150E333-8FDC-42A3-9474-1A3956D46DE8}") = "Test", "Test", "{8DBF0334-DA32-4547-A8DD-1F51C1B509DB}"
EndProject
Project("{FAE04EC0-301F-11D3-BF4B-00C04F79EFBC}") = "OKHOSTING.Sql.MySql", "..\..\OKHOSTING.Sql\src\PCL\OKHOSTING.Sql.MySql\OKHOSTING.Sql.MySql.csproj", "{35ED0AC8-2240-4095-B7CB-60622E515A9C}"
EndProject
Project("{FAE04EC0-301F-11D3-BF4B-00C04F79EFBC}") = "OKHOSTING.ORM.Test", "..\test\OKHOSTING.ORM.Test\OKHOSTING.ORM.Test.csproj", "{127EF703-0355-4BAA-9648-FF1F8168B532}"
EndProject
Project("{2150E333-8FDC-42A3-9474-1A3956D46DE8}") = "Net4", "Net4", "{C2D89533-F447-4E82-800E-9AD04EBCA2DA}"
EndProject
Project("{2150E333-8FDC-42A3-9474-1A3956D46DE8}") = "Net5", "Net5", "{AB2CA344-8ACE-46B4-96D0-C117B15020A7}"
EndProject
Project("{2150E333-8FDC-42A3-9474-1A3956D46DE8}") = "Xamarin", "Xamarin", "{C9F95922-7082-47BD-8804-49B319C7FD31}"
EndProject
Project("{2150E333-8FDC-42A3-9474-1A3956D46DE8}") = "PCL", "PCL", "{7EB205D4-73B0-473D-A676-829085333CFF}"
EndProject
Project("{FAE04EC0-301F-11D3-BF4B-00C04F79EFBC}") = "OKHOSTING.ORM.Net4.UI.Web.Forms", "Net4\OKHOSTING.ORM.Net4.UI.Web.Forms\OKHOSTING.ORM.Net4.UI.Web.Forms.csproj", "{004898ED-597E-4F66-90D9-C600B02D793F}"
EndProject
Project("{FAE04EC0-301F-11D3-BF4B-00C04F79EFBC}") = "OKHOSTING.ORM.UI.Web.Net4.Forms", "Net4\OKHOSTING.ORM.UI.Web.Net4.Forms\OKHOSTING.ORM.UI.Web.Net4.Forms.csproj", "{38295B62-42A2-4D4C-8B08-C0EE149B50B3}"
EndProject
Global
	GlobalSection(SolutionConfigurationPlatforms) = preSolution
		Debug|Any CPU = Debug|Any CPU
		Release|Any CPU = Release|Any CPU
	EndGlobalSection
	GlobalSection(ProjectConfigurationPlatforms) = postSolution
		{976FFEB3-E99D-4B0B-9735-98D2BB311986}.Debug|Any CPU.ActiveCfg = Debug|Any CPU
		{976FFEB3-E99D-4B0B-9735-98D2BB311986}.Debug|Any CPU.Build.0 = Debug|Any CPU
		{976FFEB3-E99D-4B0B-9735-98D2BB311986}.Release|Any CPU.ActiveCfg = Release|Any CPU
		{976FFEB3-E99D-4B0B-9735-98D2BB311986}.Release|Any CPU.Build.0 = Release|Any CPU
		{3F4502FA-51EA-4CB9-8E50-46F828D240A1}.Debug|Any CPU.ActiveCfg = Debug|Any CPU
		{3F4502FA-51EA-4CB9-8E50-46F828D240A1}.Debug|Any CPU.Build.0 = Debug|Any CPU
		{3F4502FA-51EA-4CB9-8E50-46F828D240A1}.Release|Any CPU.ActiveCfg = Release|Any CPU
		{3F4502FA-51EA-4CB9-8E50-46F828D240A1}.Release|Any CPU.Build.0 = Release|Any CPU
		{5BA0CBAC-63E5-4E01-AECA-67AE3B63503B}.Debug|Any CPU.ActiveCfg = Debug|Any CPU
		{5BA0CBAC-63E5-4E01-AECA-67AE3B63503B}.Debug|Any CPU.Build.0 = Debug|Any CPU
		{5BA0CBAC-63E5-4E01-AECA-67AE3B63503B}.Release|Any CPU.ActiveCfg = Release|Any CPU
		{5BA0CBAC-63E5-4E01-AECA-67AE3B63503B}.Release|Any CPU.Build.0 = Release|Any CPU
		{AAF2E2CE-9141-4690-A5E8-873CB66ECC52}.Debug|Any CPU.ActiveCfg = Debug|Any CPU
		{AAF2E2CE-9141-4690-A5E8-873CB66ECC52}.Debug|Any CPU.Build.0 = Debug|Any CPU
		{AAF2E2CE-9141-4690-A5E8-873CB66ECC52}.Release|Any CPU.ActiveCfg = Release|Any CPU
		{AAF2E2CE-9141-4690-A5E8-873CB66ECC52}.Release|Any CPU.Build.0 = Release|Any CPU
		{AFC2147B-EAD8-439B-8CA6-D1BF308064B3}.Debug|Any CPU.ActiveCfg = Debug|Any CPU
		{AFC2147B-EAD8-439B-8CA6-D1BF308064B3}.Debug|Any CPU.Build.0 = Debug|Any CPU
		{AFC2147B-EAD8-439B-8CA6-D1BF308064B3}.Release|Any CPU.ActiveCfg = Release|Any CPU
		{AFC2147B-EAD8-439B-8CA6-D1BF308064B3}.Release|Any CPU.Build.0 = Release|Any CPU
		{46BDAEC2-7677-4223-B009-940DB478A220}.Debug|Any CPU.ActiveCfg = Debug|Any CPU
		{46BDAEC2-7677-4223-B009-940DB478A220}.Debug|Any CPU.Build.0 = Debug|Any CPU
		{46BDAEC2-7677-4223-B009-940DB478A220}.Release|Any CPU.ActiveCfg = Release|Any CPU
		{46BDAEC2-7677-4223-B009-940DB478A220}.Release|Any CPU.Build.0 = Release|Any CPU
		{DCEAD90D-4031-4C10-983E-B6E71F4A8B2F}.Debug|Any CPU.ActiveCfg = Debug|Any CPU
		{DCEAD90D-4031-4C10-983E-B6E71F4A8B2F}.Debug|Any CPU.Build.0 = Debug|Any CPU
		{DCEAD90D-4031-4C10-983E-B6E71F4A8B2F}.Release|Any CPU.ActiveCfg = Release|Any CPU
		{DCEAD90D-4031-4C10-983E-B6E71F4A8B2F}.Release|Any CPU.Build.0 = Release|Any CPU
		{0A304A16-0F65-4CE6-A878-41263293021C}.Debug|Any CPU.ActiveCfg = Debug|Any CPU
		{0A304A16-0F65-4CE6-A878-41263293021C}.Debug|Any CPU.Build.0 = Debug|Any CPU
		{0A304A16-0F65-4CE6-A878-41263293021C}.Release|Any CPU.ActiveCfg = Release|Any CPU
		{0A304A16-0F65-4CE6-A878-41263293021C}.Release|Any CPU.Build.0 = Release|Any CPU
		{35ED0AC8-2240-4095-B7CB-60622E515A9C}.Debug|Any CPU.ActiveCfg = Debug|Any CPU
		{35ED0AC8-2240-4095-B7CB-60622E515A9C}.Debug|Any CPU.Build.0 = Debug|Any CPU
		{35ED0AC8-2240-4095-B7CB-60622E515A9C}.Release|Any CPU.ActiveCfg = Release|Any CPU
		{35ED0AC8-2240-4095-B7CB-60622E515A9C}.Release|Any CPU.Build.0 = Release|Any CPU
		{127EF703-0355-4BAA-9648-FF1F8168B532}.Debug|Any CPU.ActiveCfg = Debug|Any CPU
		{127EF703-0355-4BAA-9648-FF1F8168B532}.Debug|Any CPU.Build.0 = Debug|Any CPU
		{127EF703-0355-4BAA-9648-FF1F8168B532}.Release|Any CPU.ActiveCfg = Release|Any CPU
		{127EF703-0355-4BAA-9648-FF1F8168B532}.Release|Any CPU.Build.0 = Release|Any CPU
		{004898ED-597E-4F66-90D9-C600B02D793F}.Debug|Any CPU.ActiveCfg = Debug|Any CPU
		{004898ED-597E-4F66-90D9-C600B02D793F}.Debug|Any CPU.Build.0 = Debug|Any CPU
		{004898ED-597E-4F66-90D9-C600B02D793F}.Release|Any CPU.ActiveCfg = Release|Any CPU
		{004898ED-597E-4F66-90D9-C600B02D793F}.Release|Any CPU.Build.0 = Release|Any CPU
		{38295B62-42A2-4D4C-8B08-C0EE149B50B3}.Debug|Any CPU.ActiveCfg = Debug|Any CPU
		{38295B62-42A2-4D4C-8B08-C0EE149B50B3}.Debug|Any CPU.Build.0 = Debug|Any CPU
		{38295B62-42A2-4D4C-8B08-C0EE149B50B3}.Release|Any CPU.ActiveCfg = Release|Any CPU
		{38295B62-42A2-4D4C-8B08-C0EE149B50B3}.Release|Any CPU.Build.0 = Release|Any CPU
	EndGlobalSection
	GlobalSection(SolutionProperties) = preSolution
		HideSolutionNode = FALSE
	EndGlobalSection
	GlobalSection(NestedProjects) = preSolution
		{976FFEB3-E99D-4B0B-9735-98D2BB311986} = {7EB205D4-73B0-473D-A676-829085333CFF}
		{3F4502FA-51EA-4CB9-8E50-46F828D240A1} = {AC8B5C6C-C018-468B-BC0F-C6192933E36B}
		{5BA0CBAC-63E5-4E01-AECA-67AE3B63503B} = {AC8B5C6C-C018-468B-BC0F-C6192933E36B}
		{AAF2E2CE-9141-4690-A5E8-873CB66ECC52} = {AC8B5C6C-C018-468B-BC0F-C6192933E36B}
		{AFC2147B-EAD8-439B-8CA6-D1BF308064B3} = {AC8B5C6C-C018-468B-BC0F-C6192933E36B}
		{46BDAEC2-7677-4223-B009-940DB478A220} = {AC8B5C6C-C018-468B-BC0F-C6192933E36B}
		{DCEAD90D-4031-4C10-983E-B6E71F4A8B2F} = {AC8B5C6C-C018-468B-BC0F-C6192933E36B}
		{0A304A16-0F65-4CE6-A878-41263293021C} = {AC8B5C6C-C018-468B-BC0F-C6192933E36B}
		{35ED0AC8-2240-4095-B7CB-60622E515A9C} = {AC8B5C6C-C018-468B-BC0F-C6192933E36B}
		{127EF703-0355-4BAA-9648-FF1F8168B532} = {8DBF0334-DA32-4547-A8DD-1F51C1B509DB}
		{004898ED-597E-4F66-90D9-C600B02D793F} = {C2D89533-F447-4E82-800E-9AD04EBCA2DA}
		{38295B62-42A2-4D4C-8B08-C0EE149B50B3} = {C2D89533-F447-4E82-800E-9AD04EBCA2DA}
	EndGlobalSection
EndGlobal
