
Microsoft Visual Studio Solution File, Format Version 12.00
# Visual Studio 14
VisualStudioVersion = 14.0.23107.0
MinimumVisualStudioVersion = 10.0.40219.1
Project("{FAE04EC0-301F-11D3-BF4B-00C04F79EFBC}") = "OKHOSTING.ORM", "OKHOSTING.ORM\OKHOSTING.ORM.csproj", "{976FFEB3-E99D-4B0B-9735-98D2BB311986}"
EndProject
Project("{2150E333-8FDC-42A3-9474-1A3956D46DE8}") = "References", "References", "{AC8B5C6C-C018-468B-BC0F-C6192933E36B}"
EndProject
Project("{FAE04EC0-301F-11D3-BF4B-00C04F79EFBC}") = "OKHOSTING.Core", "..\..\OKHOSTING.Core\src\PCL\OKHOSTING.Core\OKHOSTING.Core.csproj", "{3F4502FA-51EA-4CB9-8E50-46F828D240A1}"
EndProject
Project("{FAE04EC0-301F-11D3-BF4B-00C04F79EFBC}") = "OKHOSTING.Data", "..\..\OKHOSTING.Core\src\PCL\OKHOSTING.Data\OKHOSTING.Data.csproj", "{5BA0CBAC-63E5-4E01-AECA-67AE3B63503B}"
EndProject
Project("{FAE04EC0-301F-11D3-BF4B-00C04F79EFBC}") = "OKHOSTING.Cryptography", "..\..\OKHOSTING.Core\src\PCL\OKHOSTING.Cryptography\OKHOSTING.Cryptography.csproj", "{AAF2E2CE-9141-4690-A5E8-873CB66ECC52}"
EndProject
Project("{FAE04EC0-301F-11D3-BF4B-00C04F79EFBC}") = "OKHOSTING.Sql", "..\..\OKHOSTING.Sql\src\PCL\OKHOSTING.Sql\OKHOSTING.Sql.csproj", "{AFC2147B-EAD8-439B-8CA6-D1BF308064B3}"
EndProject
Project("{2150E333-8FDC-42A3-9474-1A3956D46DE8}") = "PCL", "PCL", "{04230DF2-1AE4-4906-A9F9-326DBAFC74FE}"
EndProject
Project("{FAE04EC0-301F-11D3-BF4B-00C04F79EFBC}") = "OKHOSTING.Authentication", "OKHOSTING.Authentication\OKHOSTING.Authentication.csproj", "{E8F5AA1A-4E27-48E6-81F9-36D4909F64F2}"
EndProject
Project("{FAE04EC0-301F-11D3-BF4B-00C04F79EFBC}") = "OKHOSTING.Localization", "OKHOSTING.Localization\OKHOSTING.Localization.csproj", "{F12AF3CE-54CB-4A47-8A30-8B6DD0B37CA4}"
EndProject
Project("{FAE04EC0-301F-11D3-BF4B-00C04F79EFBC}") = "OKHOSTING.ORM.UI.Web.Forms", "OKHOSTING.ORM.UI.Web.Forms\OKHOSTING.ORM.UI.Web.Forms.csproj", "{1CB04A41-C378-410A-B421-4F9BF05D54D2}"
EndProject
Global
	GlobalSection(SolutionConfigurationPlatforms) = preSolution
		Debug|Any CPU = Debug|Any CPU
		Release|Any CPU = Release|Any CPU
	EndGlobalSection
	GlobalSection(ProjectConfigurationPlatforms) = postSolution
		{976FFEB3-E99D-4B0B-9735-98D2BB311986}.Debug|Any CPU.ActiveCfg = Debug|Any CPU
		{976FFEB3-E99D-4B0B-9735-98D2BB311986}.Debug|Any CPU.Build.0 = Debug|Any CPU
		{976FFEB3-E99D-4B0B-9735-98D2BB311986}.Release|Any CPU.ActiveCfg = Release|Any CPU
		{976FFEB3-E99D-4B0B-9735-98D2BB311986}.Release|Any CPU.Build.0 = Release|Any CPU
		{3F4502FA-51EA-4CB9-8E50-46F828D240A1}.Debug|Any CPU.ActiveCfg = Debug|Any CPU
		{3F4502FA-51EA-4CB9-8E50-46F828D240A1}.Debug|Any CPU.Build.0 = Debug|Any CPU
		{3F4502FA-51EA-4CB9-8E50-46F828D240A1}.Release|Any CPU.ActiveCfg = Release|Any CPU
		{3F4502FA-51EA-4CB9-8E50-46F828D240A1}.Release|Any CPU.Build.0 = Release|Any CPU
		{5BA0CBAC-63E5-4E01-AECA-67AE3B63503B}.Debug|Any CPU.ActiveCfg = Debug|Any CPU
		{5BA0CBAC-63E5-4E01-AECA-67AE3B63503B}.Debug|Any CPU.Build.0 = Debug|Any CPU
		{5BA0CBAC-63E5-4E01-AECA-67AE3B63503B}.Release|Any CPU.ActiveCfg = Release|Any CPU
		{5BA0CBAC-63E5-4E01-AECA-67AE3B63503B}.Release|Any CPU.Build.0 = Release|Any CPU
		{AAF2E2CE-9141-4690-A5E8-873CB66ECC52}.Debug|Any CPU.ActiveCfg = Debug|Any CPU
		{AAF2E2CE-9141-4690-A5E8-873CB66ECC52}.Debug|Any CPU.Build.0 = Debug|Any CPU
		{AAF2E2CE-9141-4690-A5E8-873CB66ECC52}.Release|Any CPU.ActiveCfg = Release|Any CPU
		{AAF2E2CE-9141-4690-A5E8-873CB66ECC52}.Release|Any CPU.Build.0 = Release|Any CPU
		{AFC2147B-EAD8-439B-8CA6-D1BF308064B3}.Debug|Any CPU.ActiveCfg = Debug|Any CPU
		{AFC2147B-EAD8-439B-8CA6-D1BF308064B3}.Debug|Any CPU.Build.0 = Debug|Any CPU
		{AFC2147B-EAD8-439B-8CA6-D1BF308064B3}.Release|Any CPU.ActiveCfg = Release|Any CPU
		{AFC2147B-EAD8-439B-8CA6-D1BF308064B3}.Release|Any CPU.Build.0 = Release|Any CPU
		{E8F5AA1A-4E27-48E6-81F9-36D4909F64F2}.Debug|Any CPU.ActiveCfg = Debug|Any CPU
		{E8F5AA1A-4E27-48E6-81F9-36D4909F64F2}.Debug|Any CPU.Build.0 = Debug|Any CPU
		{E8F5AA1A-4E27-48E6-81F9-36D4909F64F2}.Release|Any CPU.ActiveCfg = Release|Any CPU
		{E8F5AA1A-4E27-48E6-81F9-36D4909F64F2}.Release|Any CPU.Build.0 = Release|Any CPU
		{F12AF3CE-54CB-4A47-8A30-8B6DD0B37CA4}.Debug|Any CPU.ActiveCfg = Debug|Any CPU
		{F12AF3CE-54CB-4A47-8A30-8B6DD0B37CA4}.Debug|Any CPU.Build.0 = Debug|Any CPU
		{F12AF3CE-54CB-4A47-8A30-8B6DD0B37CA4}.Release|Any CPU.ActiveCfg = Release|Any CPU
		{F12AF3CE-54CB-4A47-8A30-8B6DD0B37CA4}.Release|Any CPU.Build.0 = Release|Any CPU
		{1CB04A41-C378-410A-B421-4F9BF05D54D2}.Debug|Any CPU.ActiveCfg = Debug|Any CPU
		{1CB04A41-C378-410A-B421-4F9BF05D54D2}.Debug|Any CPU.Build.0 = Debug|Any CPU
		{1CB04A41-C378-410A-B421-4F9BF05D54D2}.Release|Any CPU.ActiveCfg = Release|Any CPU
		{1CB04A41-C378-410A-B421-4F9BF05D54D2}.Release|Any CPU.Build.0 = Release|Any CPU
	EndGlobalSection
	GlobalSection(SolutionProperties) = preSolution
		HideSolutionNode = FALSE
	EndGlobalSection
	GlobalSection(NestedProjects) = preSolution
		{976FFEB3-E99D-4B0B-9735-98D2BB311986} = {04230DF2-1AE4-4906-A9F9-326DBAFC74FE}
		{3F4502FA-51EA-4CB9-8E50-46F828D240A1} = {AC8B5C6C-C018-468B-BC0F-C6192933E36B}
		{5BA0CBAC-63E5-4E01-AECA-67AE3B63503B} = {AC8B5C6C-C018-468B-BC0F-C6192933E36B}
		{AAF2E2CE-9141-4690-A5E8-873CB66ECC52} = {AC8B5C6C-C018-468B-BC0F-C6192933E36B}
		{AFC2147B-EAD8-439B-8CA6-D1BF308064B3} = {AC8B5C6C-C018-468B-BC0F-C6192933E36B}
		{E8F5AA1A-4E27-48E6-81F9-36D4909F64F2} = {04230DF2-1AE4-4906-A9F9-326DBAFC74FE}
		{F12AF3CE-54CB-4A47-8A30-8B6DD0B37CA4} = {04230DF2-1AE4-4906-A9F9-326DBAFC74FE}
		{1CB04A41-C378-410A-B421-4F9BF05D54D2} = {04230DF2-1AE4-4906-A9F9-326DBAFC74FE}
	EndGlobalSection
EndGlobal
